# THIS IS AN AUTOGENERATED FILE. DO NOT EDIT THIS FILE DIRECTLY.
# yarn lockfile v1


byots@4.0.0-dev.20200624.14.21:
  version "4.0.0-dev.20200624.14.21"
  resolved "https://registry.yarnpkg.com/byots/-/byots-4.0.0-dev.20200624.14.21.tgz#e9f6682ab26d392588376cce9d4b8a5c2bafce9d"
  integrity sha512-H/X0yo86Ip64jTN+cZ4WjEdIqITEYzXL74vB+tbP1MUsY8oqIPRX5qUS9KRG3XbXmJcgTsWmhhS01UTVya0i9w==

typescript@4.0.0-dev.20200624:
  version "4.0.0-dev.20200624"
  resolved "https://registry.yarnpkg.com/typescript/-/typescript-4.0.0-dev.20200624.tgz#68a3b1c49531fec88d73c7507b84710ad3f5b0fd"
  integrity sha512-I0M2pHvB8wxZthCzG2OlRofHggGOOtfFfCKLp0cVZxnnWlvKdRbIdnrXH/AZFbmChWzy5/l9mvNzAc+FTUn3EA==
